
Microsoft Visual Studio Solution File, Format Version 12.00
# Visual Studio Version 16
VisualStudioVersion = 16.0.30804.86
MinimumVisualStudioVersion = 10.0.40219.1
Project("{FAE04EC0-301F-11D3-BF4B-00C04F79EFBC}") = "WCFService_2Way_054", "WCFService_2Way_054.csproj", "{F8CD9760-2E9A-4E59-AAE2-A906EED7A8A9}"
EndProject
Global
	GlobalSection(SolutionConfigurationPlatforms) = preSolution
		Debug|Any CPU = Debug|Any CPU
		Release|Any CPU = Release|Any CPU
	EndGlobalSection
	GlobalSection(ProjectConfigurationPlatforms) = postSolution
		{F8CD9760-2E9A-4E59-AAE2-A906EED7A8A9}.Debug|Any CPU.ActiveCfg = Debug|Any CPU
		{F8CD9760-2E9A-4E59-AAE2-A906EED7A8A9}.Debug|Any CPU.Build.0 = Debug|Any CPU
		{F8CD9760-2E9A-4E59-AAE2-A906EED7A8A9}.Release|Any CPU.ActiveCfg = Release|Any CPU
		{F8CD9760-2E9A-4E59-AAE2-A906EED7A8A9}.Release|Any CPU.Build.0 = Release|Any CPU
	EndGlobalSection
	GlobalSection(SolutionProperties) = preSolution
		HideSolutionNode = FALSE
	EndGlobalSection
	GlobalSection(ExtensibilityGlobals) = postSolution
		SolutionGuid = {3E244088-824E-498C-B813-E54E44A9FD93}
	EndGlobalSection
EndGlobal
